// !$*UTF8*$!
{
	archiveVersion = 1;
	classes = {
	};
	objectVersion = 46;
	objects = {

/* Begin PBXBuildFile section */
		BC9B9E581CAC7BBC00DA92F3 /* main.cpp in Sources */ = {isa = PBXBuildFile; fileRef = BC9B9E571CAC7BBC00DA92F3 /* main.cpp */; };
		BC9B9E651CAC843300DA92F3 /* Cube.cpp in Sources */ = {isa = PBXBuildFile; fileRef = BC9B9E5E1CAC843300DA92F3 /* Cube.cpp */; };
		BC9B9E661CAC843300DA92F3 /* OBJObject.cpp in Sources */ = {isa = PBXBuildFile; fileRef = BC9B9E611CAC843300DA92F3 /* OBJObject.cpp */; };
		BC9B9E671CAC843300DA92F3 /* Window.cpp in Sources */ = {isa = PBXBuildFile; fileRef = BC9B9E631CAC843300DA92F3 /* Window.cpp */; };
		BC9B9E691CAC84BA00DA92F3 /* OpenGL.framework in Frameworks */ = {isa = PBXBuildFile; fileRef = BC9B9E681CAC84BA00DA92F3 /* OpenGL.framework */; };
		BCE9763F1CACA69A004B7D23 /* libglfw.3.1.dylib in Frameworks */ = {isa = PBXBuildFile; fileRef = BCE9763E1CACA69A004B7D23 /* libglfw.3.1.dylib */; };
/* End PBXBuildFile section */

/* Begin PBXCopyFilesBuildPhase section */
		BC9B9E521CAC7BBC00DA92F3 /* CopyFiles */ = {
			isa = PBXCopyFilesBuildPhase;
			buildActionMask = 2147483647;
			dstPath = /usr/share/man/man1/;
			dstSubfolderSpec = 0;
			files = (
			);
			runOnlyForDeploymentPostprocessing = 1;
		};
/* End PBXCopyFilesBuildPhase section */

/* Begin PBXFileReference section */
		BC9B9E541CAC7BBC00DA92F3 /* CSE 167_1 */ = {isa = PBXFileReference; explicitFileType = "compiled.mach-o.executable"; includeInIndex = 0; path = "CSE 167_1"; sourceTree = BUILT_PRODUCTS_DIR; };
		BC9B9E571CAC7BBC00DA92F3 /* main.cpp */ = {isa = PBXFileReference; lastKnownFileType = sourcecode.cpp.cpp; path = main.cpp; sourceTree = "<group>"; };
		BC9B9E5E1CAC843300DA92F3 /* Cube.cpp */ = {isa = PBXFileReference; fileEncoding = 4; lastKnownFileType = sourcecode.cpp.cpp; path = Cube.cpp; sourceTree = "<group>"; };
		BC9B9E5F1CAC843300DA92F3 /* Cube.h */ = {isa = PBXFileReference; explicitFileType = sourcecode.cpp.h; fileEncoding = 4; path = Cube.h; sourceTree = "<group>"; };
		BC9B9E601CAC843300DA92F3 /* main.h */ = {isa = PBXFileReference; fileEncoding = 4; lastKnownFileType = sourcecode.c.h; path = main.h; sourceTree = "<group>"; };
		BC9B9E611CAC843300DA92F3 /* OBJObject.cpp */ = {isa = PBXFileReference; fileEncoding = 4; lastKnownFileType = sourcecode.cpp.cpp; path = OBJObject.cpp; sourceTree = "<group>"; };
		BC9B9E621CAC843300DA92F3 /* OBJObject.h */ = {isa = PBXFileReference; fileEncoding = 4; lastKnownFileType = sourcecode.c.h; path = OBJObject.h; sourceTree = "<group>"; };
		BC9B9E631CAC843300DA92F3 /* Window.cpp */ = {isa = PBXFileReference; fileEncoding = 4; lastKnownFileType = sourcecode.cpp.cpp; path = Window.cpp; sourceTree = "<group>"; };
		BC9B9E641CAC843300DA92F3 /* Window.h */ = {isa = PBXFileReference; fileEncoding = 4; lastKnownFileType = sourcecode.c.h; path = Window.h; sourceTree = "<group>"; };
		BC9B9E681CAC84BA00DA92F3 /* OpenGL.framework */ = {isa = PBXFileReference; lastKnownFileType = wrapper.framework; name = OpenGL.framework; path = System/Library/Frameworks/OpenGL.framework; sourceTree = SDKROOT; };
		BCE9763E1CACA69A004B7D23 /* libglfw.3.1.dylib */ = {isa = PBXFileReference; lastKnownFileType = "compiled.mach-o.dylib"; name = libglfw.3.1.dylib; path = "../../Library/Developer/glfw-3.1.2/src/Debug/libglfw.3.1.dylib"; sourceTree = "<group>"; };
/* End PBXFileReference section */

/* Begin PBXFrameworksBuildPhase section */
		BC9B9E511CAC7BBC00DA92F3 /* Frameworks */ = {
			isa = PBXFrameworksBuildPhase;
			buildActionMask = 2147483647;
			files = (
				BCE9763F1CACA69A004B7D23 /* libglfw.3.1.dylib in Frameworks */,
				BC9B9E691CAC84BA00DA92F3 /* OpenGL.framework in Frameworks */,
			);
			runOnlyForDeploymentPostprocessing = 0;
		};
/* End PBXFrameworksBuildPhase section */

/* Begin PBXGroup section */
		BC9B9E4B1CAC7BBC00DA92F3 = {
			isa = PBXGroup;
			children = (
				BCE9763E1CACA69A004B7D23 /* libglfw.3.1.dylib */,
				BC9B9E681CAC84BA00DA92F3 /* OpenGL.framework */,
				BC9B9E561CAC7BBC00DA92F3 /* CSE 167_1 */,
				BC9B9E551CAC7BBC00DA92F3 /* Products */,
			);
			sourceTree = "<group>";
		};
		BC9B9E551CAC7BBC00DA92F3 /* Products */ = {
			isa = PBXGroup;
			children = (
				BC9B9E541CAC7BBC00DA92F3 /* CSE 167_1 */,
			);
			name = Products;
			sourceTree = "<group>";
		};
		BC9B9E561CAC7BBC00DA92F3 /* CSE 167_1 */ = {
			isa = PBXGroup;
			children = (
				BC9B9E5E1CAC843300DA92F3 /* Cube.cpp */,
				BC9B9E5F1CAC843300DA92F3 /* Cube.h */,
				BC9B9E601CAC843300DA92F3 /* main.h */,
				BC9B9E571CAC7BBC00DA92F3 /* main.cpp */,
				BC9B9E611CAC843300DA92F3 /* OBJObject.cpp */,
				BC9B9E621CAC843300DA92F3 /* OBJObject.h */,
				BC9B9E631CAC843300DA92F3 /* Window.cpp */,
				BC9B9E641CAC843300DA92F3 /* Window.h */,
			);
			path = "CSE 167_1";
			sourceTree = "<group>";
		};
/* End PBXGroup section */

/* Begin PBXNativeTarget section */
		BC9B9E531CAC7BBC00DA92F3 /* CSE 167_1 */ = {
			isa = PBXNativeTarget;
			buildConfigurationList = BC9B9E5B1CAC7BBC00DA92F3 /* Build configuration list for PBXNativeTarget "CSE 167_1" */;
			buildPhases = (
				BC9B9E501CAC7BBC00DA92F3 /* Sources */,
				BC9B9E511CAC7BBC00DA92F3 /* Frameworks */,
				BC9B9E521CAC7BBC00DA92F3 /* CopyFiles */,
			);
			buildRules = (
			);
			dependencies = (
			);
			name = "CSE 167_1";
			productName = "CSE 167_1";
			productReference = BC9B9E541CAC7BBC00DA92F3 /* CSE 167_1 */;
			productType = "com.apple.product-type.tool";
		};
/* End PBXNativeTarget section */

/* Begin PBXProject section */
		BC9B9E4C1CAC7BBC00DA92F3 /* Project object */ = {
			isa = PBXProject;
			attributes = {
				LastUpgradeCheck = 0600;
				ORGANIZATIONNAME = "Christy Ye";
				TargetAttributes = {
					BC9B9E531CAC7BBC00DA92F3 = {
						CreatedOnToolsVersion = 6.0.1;
					};
				};
			};
			buildConfigurationList = BC9B9E4F1CAC7BBC00DA92F3 /* Build configuration list for PBXProject "CSE 167_1" */;
			compatibilityVersion = "Xcode 3.2";
			developmentRegion = English;
			hasScannedForEncodings = 0;
			knownRegions = (
				en,
			);
			mainGroup = BC9B9E4B1CAC7BBC00DA92F3;
			productRefGroup = BC9B9E551CAC7BBC00DA92F3 /* Products */;
			projectDirPath = "";
			projectRoot = "";
			targets = (
				BC9B9E531CAC7BBC00DA92F3 /* CSE 167_1 */,
			);
		};
/* End PBXProject section */

/* Begin PBXSourcesBuildPhase section */
		BC9B9E501CAC7BBC00DA92F3 /* Sources */ = {
			isa = PBXSourcesBuildPhase;
			buildActionMask = 2147483647;
			files = (
				BC9B9E661CAC843300DA92F3 /* OBJObject.cpp in Sources */,
				BC9B9E651CAC843300DA92F3 /* Cube.cpp in Sources */,
				BC9B9E581CAC7BBC00DA92F3 /* main.cpp in Sources */,
				BC9B9E671CAC843300DA92F3 /* Window.cpp in Sources */,
			);
			runOnlyForDeploymentPostprocessing = 0;
		};
/* End PBXSourcesBuildPhase section */

/* Begin XCBuildConfiguration section */
		BC9B9E591CAC7BBC00DA92F3 /* Debug */ = {
			isa = XCBuildConfiguration;
			buildSettings = {
				ALWAYS_SEARCH_USER_PATHS = NO;
				CLANG_CXX_LANGUAGE_STANDARD = "gnu++0x";
				CLANG_CXX_LIBRARY = "libc++";
				CLANG_ENABLE_MODULES = YES;
				CLANG_ENABLE_OBJC_ARC = YES;
				CLANG_WARN_BOOL_CONVERSION = YES;
				CLANG_WARN_CONSTANT_CONVERSION = YES;
				CLANG_WARN_DIRECT_OBJC_ISA_USAGE = YES_ERROR;
				CLANG_WARN_EMPTY_BODY = YES;
				CLANG_WARN_ENUM_CONVERSION = YES;
				CLANG_WARN_INT_CONVERSION = YES;
				CLANG_WARN_OBJC_ROOT_CLASS = YES_ERROR;
				CLANG_WARN_UNREACHABLE_CODE = YES;
				CLANG_WARN__DUPLICATE_METHOD_MATCH = YES;
				COPY_PHASE_STRIP = NO;
				DEBUG_INFORMATION_FORMAT = dwarf;
				ENABLE_STRICT_OBJC_MSGSEND = YES;
				GCC_C_LANGUAGE_STANDARD = gnu99;
				GCC_DYNAMIC_NO_PIC = NO;
				GCC_OPTIMIZATION_LEVEL = 0;
				GCC_PREPROCESSOR_DEFINITIONS = (
					"DEBUG=1",
					"$(inherited)",
				);
				GCC_SYMBOLS_PRIVATE_EXTERN = NO;
				GCC_WARN_64_TO_32_BIT_CONVERSION = YES;
				GCC_WARN_ABOUT_RETURN_TYPE = YES_ERROR;
				GCC_WARN_UNDECLARED_SELECTOR = YES;
				GCC_WARN_UNINITIALIZED_AUTOS = YES_AGGRESSIVE;
				GCC_WARN_UNUSED_FUNCTION = YES;
				GCC_WARN_UNUSED_VARIABLE = YES;
				MACOSX_DEPLOYMENT_TARGET = 10.9;
				MTL_ENABLE_DEBUG_INFO = YES;
				ONLY_ACTIVE_ARCH = YES;
				SDKROOT = macosx;
			};
			name = Debug;
		};
		BC9B9E5A1CAC7BBC00DA92F3 /* Release */ = {
			isa = XCBuildConfiguration;
			buildSettings = {
				ALWAYS_SEARCH_USER_PATHS = NO;
				CLANG_CXX_LANGUAGE_STANDARD = "gnu++0x";
				CLANG_CXX_LIBRARY = "libc++";
				CLANG_ENABLE_MODULES = YES;
				CLANG_ENABLE_OBJC_ARC = YES;
				CLANG_WARN_BOOL_CONVERSION = YES;
				CLANG_WARN_CONSTANT_CONVERSION = YES;
				CLANG_WARN_DIRECT_OBJC_ISA_USAGE = YES_ERROR;
				CLANG_WARN_EMPTY_BODY = YES;
				CLANG_WARN_ENUM_CONVERSION = YES;
				CLANG_WARN_INT_CONVERSION = YES;
				CLANG_WARN_OBJC_ROOT_CLASS = YES_ERROR;
				CLANG_WARN_UNREACHABLE_CODE = YES;
				CLANG_WARN__DUPLICATE_METHOD_MATCH = YES;
				COPY_PHASE_STRIP = YES;
				DEBUG_INFORMATION_FORMAT = dwarf;
				ENABLE_NS_ASSERTIONS = NO;
				ENABLE_STRICT_OBJC_MSGSEND = YES;
				GCC_C_LANGUAGE_STANDARD = gnu99;
				GCC_WARN_64_TO_32_BIT_CONVERSION = YES;
				GCC_WARN_ABOUT_RETURN_TYPE = YES_ERROR;
				GCC_WARN_UNDECLARED_SELECTOR = YES;
				GCC_WARN_UNINITIALIZED_AUTOS = YES_AGGRESSIVE;
				GCC_WARN_UNUSED_FUNCTION = YES;
				GCC_WARN_UNUSED_VARIABLE = YES;
				MACOSX_DEPLOYMENT_TARGET = 10.9;
				MTL_ENABLE_DEBUG_INFO = NO;
				SDKROOT = macosx;
			};
			name = Release;
		};
		BC9B9E5C1CAC7BBC00DA92F3 /* Debug */ = {
			isa = XCBuildConfiguration;
			buildSettings = {
				ALWAYS_SEARCH_USER_PATHS = NO;
				HEADER_SEARCH_PATHS = (
					"$(inherited)",
					/Applications/XCode.app/Contents/Developer/Toolchains/XCodeDefault.xctoolchain/usr/include,
					"/Users/Cocona2121/Library/Developer/glfw-3.1.2/include",
					/Users/Cocona2121/Library/Developer/glm,
					"/Users/Cocona2121/Library/Developer/glew-1.13.0/include",
				);
				LIBRARY_SEARCH_PATHS = (
					"$(inherited)",
					"/Users/Cocona2121/Library/Developer/glfw-3.1.2/src",
					"$(USER_LIBRARY_DIR)/Developer/glfw-3.1.2/src/Debug",
				);
				MACOSX_DEPLOYMENT_TARGET = 10.9;
				PRODUCT_NAME = "$(TARGET_NAME)";
			};
			name = Debug;
		};
		BC9B9E5D1CAC7BBC00DA92F3 /* Release */ = {
			isa = XCBuildConfiguration;
			buildSettings = {
				ALWAYS_SEARCH_USER_PATHS = NO;
				HEADER_SEARCH_PATHS = (
					"$(inherited)",
					/Applications/XCode.app/Contents/Developer/Toolchains/XCodeDefault.xctoolchain/usr/include,
					"/Users/Cocona2121/Library/Developer/glfw-3.1.2/include",
					/Users/Cocona2121/Library/Developer/glm,
					"/Users/Cocona2121/Library/Developer/glew-1.13.0/include",
				);
				LIBRARY_SEARCH_PATHS = (
					"$(inherited)",
					"/Users/Cocona2121/Library/Developer/glfw-3.1.2/src",
					"$(USER_LIBRARY_DIR)/Developer/glfw-3.1.2/src/Debug",
				);
				MACOSX_DEPLOYMENT_TARGET = 10.9;
				PRODUCT_NAME = "$(TARGET_NAME)";
			};
			name = Release;
		};
/* End XCBuildConfiguration section */

/* Begin XCConfigurationList section */
		BC9B9E4F1CAC7BBC00DA92F3 /* Build configuration list for PBXProject "CSE 167_1" */ = {
			isa = XCConfigurationList;
			buildConfigurations = (
				BC9B9E591CAC7BBC00DA92F3 /* Debug */,
				BC9B9E5A1CAC7BBC00DA92F3 /* Release */,
			);
			defaultConfigurationIsVisible = 0;
			defaultConfigurationName = Release;
		};
		BC9B9E5B1CAC7BBC00DA92F3 /* Build configuration list for PBXNativeTarget "CSE 167_1" */ = {
			isa = XCConfigurationList;
			buildConfigurations = (
				BC9B9E5C1CAC7BBC00DA92F3 /* Debug */,
				BC9B9E5D1CAC7BBC00DA92F3 /* Release */,
			);
			defaultConfigurationIsVisible = 0;
			defaultConfigurationName = Release;
		};
/* End XCConfigurationList section */
	};
	rootObject = BC9B9E4C1CAC7BBC00DA92F3 /* Project object */;
}
